// !$*UTF8*$!
{
	archiveVersion = 1;
	classes = {
	};
	objectVersion = 55;
	objects = {

/* Begin PBXBuildFile section */
		96728840274DF79000454CC0 /* FindGitHubRepApp.swift in Sources */ = {isa = PBXBuildFile; fileRef = 9672883F274DF79000454CC0 /* FindGitHubRepApp.swift */; };
		96728844274DF79200454CC0 /* Assets.xcassets in Resources */ = {isa = PBXBuildFile; fileRef = 96728843274DF79200454CC0 /* Assets.xcassets */; };
		96728851274DF79300454CC0 /* FindGitHubRepTests.swift in Sources */ = {isa = PBXBuildFile; fileRef = 96728850274DF79300454CC0 /* FindGitHubRepTests.swift */; };
		9672885B274DF79300454CC0 /* FindGitHubRepUITests.swift in Sources */ = {isa = PBXBuildFile; fileRef = 9672885A274DF79300454CC0 /* FindGitHubRepUITests.swift */; };
		9672885D274DF79300454CC0 /* FindGitHubRepUITestsLaunchTests.swift in Sources */ = {isa = PBXBuildFile; fileRef = 9672885C274DF79300454CC0 /* FindGitHubRepUITestsLaunchTests.swift */; };
		968F9D4D275076200065F9D1 /* CounterViewModel.swift in Sources */ = {isa = PBXBuildFile; fileRef = 968F9D4C275076200065F9D1 /* CounterViewModel.swift */; };
		968F9D4F275076C40065F9D1 /* CounterView.swift in Sources */ = {isa = PBXBuildFile; fileRef = 968F9D4E275076C40065F9D1 /* CounterView.swift */; };
		968F9D6C2750831C0065F9D1 /* InitializeRedux.swift in Sources */ = {isa = PBXBuildFile; fileRef = 968F9D642750831C0065F9D1 /* InitializeRedux.swift */; };
		968F9D6D2750831C0065F9D1 /* RootState.swift in Sources */ = {isa = PBXBuildFile; fileRef = 968F9D652750831C0065F9D1 /* RootState.swift */; };
		968F9D6E2750831C0065F9D1 /* RootReducer.swift in Sources */ = {isa = PBXBuildFile; fileRef = 968F9D662750831C0065F9D1 /* RootReducer.swift */; };
		968F9D6F2750831C0065F9D1 /* state.swift in Sources */ = {isa = PBXBuildFile; fileRef = 968F9D692750831C0065F9D1 /* state.swift */; };
		968F9D702750831C0065F9D1 /* reducers.swift in Sources */ = {isa = PBXBuildFile; fileRef = 968F9D6A2750831C0065F9D1 /* reducers.swift */; };
		968F9D712750831C0065F9D1 /* actions.swift in Sources */ = {isa = PBXBuildFile; fileRef = 968F9D6B2750831C0065F9D1 /* actions.swift */; };
		968F9D74275083400065F9D1 /* selectors.swift in Sources */ = {isa = PBXBuildFile; fileRef = 968F9D73275083400065F9D1 /* selectors.swift */; };
		96B1238E27696E360075DF2E /* GitHubApi+Debug.swift in Sources */ = {isa = PBXBuildFile; fileRef = 96B1238D27696E360075DF2E /* GitHubApi+Debug.swift */; };
		96B123A5276974A90075DF2E /* RepositoryItem.swift in Sources */ = {isa = PBXBuildFile; fileRef = 96B123A3276974A90075DF2E /* RepositoryItem.swift */; };
		96B123A6276974A90075DF2E /* SearchRepositoryView.swift in Sources */ = {isa = PBXBuildFile; fileRef = 96B123A4276974A90075DF2E /* SearchRepositoryView.swift */; };
		96B123A9276975A30075DF2E /* SearchRepositoryResult.json in Resources */ = {isa = PBXBuildFile; fileRef = 96B123A8276975A30075DF2E /* SearchRepositoryResult.json */; };
		96B123AB2769777C0075DF2E /* User.swift in Sources */ = {isa = PBXBuildFile; fileRef = 96B123AA2769777C0075DF2E /* User.swift */; };
		96B123AD2769849A0075DF2E /* RemoteImageView.swift in Sources */ = {isa = PBXBuildFile; fileRef = 96B123AC2769849A0075DF2E /* RemoteImageView.swift */; };
		96B2C9CE2769A9530073DB41 /* BetterSafariView in Frameworks */ = {isa = PBXBuildFile; productRef = 96B2C9CD2769A9530073DB41 /* BetterSafariView */; };
		96BA1DFB275DE3EE006E3678 /* SearchRepositoryViewModel.swift in Sources */ = {isa = PBXBuildFile; fileRef = 96BA1DFA275DE3EE006E3678 /* SearchRepositoryViewModel.swift */; };
		96BA1E01275DE6BA006E3678 /* RepState.swift in Sources */ = {isa = PBXBuildFile; fileRef = 96BA1DFD275DE6BA006E3678 /* RepState.swift */; };
		96BA1E02275DE6BA006E3678 /* Repselectors.swift in Sources */ = {isa = PBXBuildFile; fileRef = 96BA1DFE275DE6BA006E3678 /* Repselectors.swift */; };
		96BA1E03275DE6BA006E3678 /* RepReducers.swift in Sources */ = {isa = PBXBuildFile; fileRef = 96BA1DFF275DE6BA006E3678 /* RepReducers.swift */; };
		96BA1E04275DE6BA006E3678 /* RepActions.swift in Sources */ = {isa = PBXBuildFile; fileRef = 96BA1E00275DE6BA006E3678 /* RepActions.swift */; };
		9B31445027EEAB870069E460 /* DetailView.swift in Sources */ = {isa = PBXBuildFile; fileRef = 9B31444F27EEAB870069E460 /* DetailView.swift */; };
		9B31445627EEB0870069E460 /* RouterState.swift in Sources */ = {isa = PBXBuildFile; fileRef = 9B31445527EEB0870069E460 /* RouterState.swift */; };
		9B31445827EEB6910069E460 /* RouterAction.swift in Sources */ = {isa = PBXBuildFile; fileRef = 9B31445727EEB6910069E460 /* RouterAction.swift */; };
		9B31445A27EEB6D50069E460 /* RouterReducer.swift in Sources */ = {isa = PBXBuildFile; fileRef = 9B31445927EEB6D50069E460 /* RouterReducer.swift */; };
		9B31445D27EEBFE30069E460 /* RouterSelectors.swift in Sources */ = {isa = PBXBuildFile; fileRef = 9B31445C27EEBFE30069E460 /* RouterSelectors.swift */; };
		9B31445F27EEC1A20069E460 /* RootViewModel.swift in Sources */ = {isa = PBXBuildFile; fileRef = 9B31445E27EEC1A20069E460 /* RootViewModel.swift */; };
		9B31446227EEC2F90069E460 /* RootView.swift in Sources */ = {isa = PBXBuildFile; fileRef = 9B31446127EEC2F90069E460 /* RootView.swift */; };
		9B31446427EEE5A30069E460 /* DetailViewModal.swift in Sources */ = {isa = PBXBuildFile; fileRef = 9B31446327EEE5A30069E460 /* DetailViewModal.swift */; };
		9B31446627EEEE7C0069E460 /* Readme.swift in Sources */ = {isa = PBXBuildFile; fileRef = 9B31446527EEEE7C0069E460 /* Readme.swift */; };
		9B31446927EEEFC70069E460 /* MarkdownUI in Frameworks */ = {isa = PBXBuildFile; productRef = 9B31446827EEEFC70069E460 /* MarkdownUI */; };
		9B31446E27EF00830069E460 /* RequestStatus.swift in Sources */ = {isa = PBXBuildFile; fileRef = 9B31446D27EF00830069E460 /* RequestStatus.swift */; };
		9B79CAAC27957798006EE615 /* Logging in Frameworks */ = {isa = PBXBuildFile; productRef = 9B79CAAB27957798006EE615 /* Logging */; };
		9B79CAAF2795782D006EE615 /* Alamofire in Frameworks */ = {isa = PBXBuildFile; productRef = 9B79CAAE2795782D006EE615 /* Alamofire */; };
		9B79CAB227957869006EE615 /* AlamofireImage in Frameworks */ = {isa = PBXBuildFile; productRef = 9B79CAB127957869006EE615 /* AlamofireImage */; };
		9B79CAB52795789C006EE615 /* ReMVVMCore in Frameworks */ = {isa = PBXBuildFile; productRef = 9B79CAB42795789C006EE615 /* ReMVVMCore */; };
		9B79CAB72795789C006EE615 /* ReMVVMSwiftUI in Frameworks */ = {isa = PBXBuildFile; productRef = 9B79CAB62795789C006EE615 /* ReMVVMSwiftUI */; };
		9B79CABD2795791E006EE615 /* InAppSafariViewState.swift in Sources */ = {isa = PBXBuildFile; fileRef = 9B79CAB92795791E006EE615 /* InAppSafariViewState.swift */; };
		9B79CABE2795791E006EE615 /* InAppSafariViewSelectors.swift in Sources */ = {isa = PBXBuildFile; fileRef = 9B79CABA2795791E006EE615 /* InAppSafariViewSelectors.swift */; };
		9B79CABF2795791E006EE615 /* InAppSafariViewReducer.swift in Sources */ = {isa = PBXBuildFile; fileRef = 9B79CABB2795791E006EE615 /* InAppSafariViewReducer.swift */; };
		9B79CAC02795791E006EE615 /* InAppSafariViewAction.swift in Sources */ = {isa = PBXBuildFile; fileRef = 9B79CABC2795791E006EE615 /* InAppSafariViewAction.swift */; };
		9B79CAC227957D37006EE615 /* InAppSafariViewModel.swift in Sources */ = {isa = PBXBuildFile; fileRef = 9B79CAC127957D37006EE615 /* InAppSafariViewModel.swift */; };
		9BDBD17C275355FA008DB20C /* API.swift in Sources */ = {isa = PBXBuildFile; fileRef = 9BDBD17B275355FA008DB20C /* API.swift */; };
		9BDBD18527536FCE008DB20C /* GitHubApiParams.swift in Sources */ = {isa = PBXBuildFile; fileRef = 9BDBD18427536FCE008DB20C /* GitHubApiParams.swift */; };
		9BDBD18727536FE7008DB20C /* SearchRepositoryResult.swift in Sources */ = {isa = PBXBuildFile; fileRef = 9BDBD18627536FE7008DB20C /* SearchRepositoryResult.swift */; };
		9BDBD1892753718D008DB20C /* Repository.swift in Sources */ = {isa = PBXBuildFile; fileRef = 9BDBD1882753718D008DB20C /* Repository.swift */; };
		9BDBD18C27537A76008DB20C /* Preview Assets.xcassets in Resources */ = {isa = PBXBuildFile; fileRef = 9BDBD18B27537A76008DB20C /* Preview Assets.xcassets */; };
		9BED4B3F27A409EE003710EC /* InAppSafariView.swift in Sources */ = {isa = PBXBuildFile; fileRef = 9BED4B3E27A409EE003710EC /* InAppSafariView.swift */; };
		9BED4B4227A42058003710EC /* ToastState.swift in Sources */ = {isa = PBXBuildFile; fileRef = 9BED4B4127A42058003710EC /* ToastState.swift */; };
		9BED4B4427A42146003710EC /* ToastAction.swift in Sources */ = {isa = PBXBuildFile; fileRef = 9BED4B4327A42146003710EC /* ToastAction.swift */; };
		9BED4B4627A421AD003710EC /* ToastReducer.swift in Sources */ = {isa = PBXBuildFile; fileRef = 9BED4B4527A421AD003710EC /* ToastReducer.swift */; };
		9BED4B4827A425A0003710EC /* ToastSelectors.swift in Sources */ = {isa = PBXBuildFile; fileRef = 9BED4B4727A425A0003710EC /* ToastSelectors.swift */; };
		9BED4B4B27A426DC003710EC /* ToastUI in Frameworks */ = {isa = PBXBuildFile; productRef = 9BED4B4A27A426DC003710EC /* ToastUI */; };
		9BED4B4E27A42721003710EC /* Toast.swift in Sources */ = {isa = PBXBuildFile; fileRef = 9BED4B4D27A42721003710EC /* Toast.swift */; };
		9BED4B5027A42730003710EC /* ToastViewModel.swift in Sources */ = {isa = PBXBuildFile; fileRef = 9BED4B4F27A42730003710EC /* ToastViewModel.swift */; };
		9BED4B6027A508AD003710EC /* Toast.swift in Sources */ = {isa = PBXBuildFile; fileRef = 9BED4B5F27A508AD003710EC /* Toast.swift */; };
		9BED4B6227A54895003710EC /* InAppSafariView.swift in Sources */ = {isa = PBXBuildFile; fileRef = 9BED4B6127A54895003710EC /* InAppSafariView.swift */; };
/* End PBXBuildFile section */

/* Begin PBXContainerItemProxy section */
		9672884D274DF79300454CC0 /* PBXContainerItemProxy */ = {
			isa = PBXContainerItemProxy;
			containerPortal = 96728834274DF79000454CC0 /* Project object */;
			proxyType = 1;
			remoteGlobalIDString = 9672883B274DF79000454CC0;
			remoteInfo = FindGitHubRep;
		};
		96728857274DF79300454CC0 /* PBXContainerItemProxy */ = {
			isa = PBXContainerItemProxy;
			containerPortal = 96728834274DF79000454CC0 /* Project object */;
			proxyType = 1;
			remoteGlobalIDString = 9672883B274DF79000454CC0;
			remoteInfo = FindGitHubRep;
		};
/* End PBXContainerItemProxy section */

/* Begin PBXFileReference section */
		9672883C274DF79000454CC0 /* FindGitHubRep.app */ = {isa = PBXFileReference; explicitFileType = wrapper.application; includeInIndex = 0; path = FindGitHubRep.app; sourceTree = BUILT_PRODUCTS_DIR; };
		9672883F274DF79000454CC0 /* FindGitHubRepApp.swift */ = {isa = PBXFileReference; lastKnownFileType = sourcecode.swift; path = FindGitHubRepApp.swift; sourceTree = "<group>"; };
		96728843274DF79200454CC0 /* Assets.xcassets */ = {isa = PBXFileReference; lastKnownFileType = folder.assetcatalog; path = Assets.xcassets; sourceTree = "<group>"; };
		9672884C274DF79300454CC0 /* FindGitHubRepTests.xctest */ = {isa = PBXFileReference; explicitFileType = wrapper.cfbundle; includeInIndex = 0; path = FindGitHubRepTests.xctest; sourceTree = BUILT_PRODUCTS_DIR; };
		96728850274DF79300454CC0 /* FindGitHubRepTests.swift */ = {isa = PBXFileReference; lastKnownFileType = sourcecode.swift; path = FindGitHubRepTests.swift; sourceTree = "<group>"; };
		96728856274DF79300454CC0 /* FindGitHubRepUITests.xctest */ = {isa = PBXFileReference; explicitFileType = wrapper.cfbundle; includeInIndex = 0; path = FindGitHubRepUITests.xctest; sourceTree = BUILT_PRODUCTS_DIR; };
		9672885A274DF79300454CC0 /* FindGitHubRepUITests.swift */ = {isa = PBXFileReference; lastKnownFileType = sourcecode.swift; path = FindGitHubRepUITests.swift; sourceTree = "<group>"; };
		9672885C274DF79300454CC0 /* FindGitHubRepUITestsLaunchTests.swift */ = {isa = PBXFileReference; lastKnownFileType = sourcecode.swift; path = FindGitHubRepUITestsLaunchTests.swift; sourceTree = "<group>"; };
		968F9D4C275076200065F9D1 /* CounterViewModel.swift */ = {isa = PBXFileReference; lastKnownFileType = sourcecode.swift; path = CounterViewModel.swift; sourceTree = "<group>"; };
		968F9D4E275076C40065F9D1 /* CounterView.swift */ = {isa = PBXFileReference; lastKnownFileType = sourcecode.swift; path = CounterView.swift; sourceTree = "<group>"; };
		968F9D642750831C0065F9D1 /* InitializeRedux.swift */ = {isa = PBXFileReference; fileEncoding = 4; lastKnownFileType = sourcecode.swift; path = InitializeRedux.swift; sourceTree = "<group>"; };
		968F9D652750831C0065F9D1 /* RootState.swift */ = {isa = PBXFileReference; fileEncoding = 4; lastKnownFileType = sourcecode.swift; path = RootState.swift; sourceTree = "<group>"; };
		968F9D662750831C0065F9D1 /* RootReducer.swift */ = {isa = PBXFileReference; fileEncoding = 4; lastKnownFileType = sourcecode.swift; path = RootReducer.swift; sourceTree = "<group>"; };
		968F9D692750831C0065F9D1 /* state.swift */ = {isa = PBXFileReference; fileEncoding = 4; lastKnownFileType = sourcecode.swift; path = state.swift; sourceTree = "<group>"; };
		968F9D6A2750831C0065F9D1 /* reducers.swift */ = {isa = PBXFileReference; fileEncoding = 4; lastKnownFileType = sourcecode.swift; path = reducers.swift; sourceTree = "<group>"; };
		968F9D6B2750831C0065F9D1 /* actions.swift */ = {isa = PBXFileReference; fileEncoding = 4; lastKnownFileType = sourcecode.swift; path = actions.swift; sourceTree = "<group>"; };
		968F9D73275083400065F9D1 /* selectors.swift */ = {isa = PBXFileReference; lastKnownFileType = sourcecode.swift; path = selectors.swift; sourceTree = "<group>"; };
		96B1238D27696E360075DF2E /* GitHubApi+Debug.swift */ = {isa = PBXFileReference; lastKnownFileType = sourcecode.swift; path = "GitHubApi+Debug.swift"; sourceTree = "<group>"; };
		96B123A3276974A90075DF2E /* RepositoryItem.swift */ = {isa = PBXFileReference; fileEncoding = 4; lastKnownFileType = sourcecode.swift; path = RepositoryItem.swift; sourceTree = "<group>"; };
		96B123A4276974A90075DF2E /* SearchRepositoryView.swift */ = {isa = PBXFileReference; fileEncoding = 4; lastKnownFileType = sourcecode.swift; path = SearchRepositoryView.swift; sourceTree = "<group>"; };
		96B123A8276975A30075DF2E /* SearchRepositoryResult.json */ = {isa = PBXFileReference; fileEncoding = 4; lastKnownFileType = text.json; path = SearchRepositoryResult.json; sourceTree = "<group>"; };
		96B123AA2769777C0075DF2E /* User.swift */ = {isa = PBXFileReference; lastKnownFileType = sourcecode.swift; path = User.swift; sourceTree = "<group>"; };
		96B123AC2769849A0075DF2E /* RemoteImageView.swift */ = {isa = PBXFileReference; lastKnownFileType = sourcecode.swift; path = RemoteImageView.swift; sourceTree = "<group>"; };
		96BA1DFA275DE3EE006E3678 /* SearchRepositoryViewModel.swift */ = {isa = PBXFileReference; lastKnownFileType = sourcecode.swift; path = SearchRepositoryViewModel.swift; sourceTree = "<group>"; };
		96BA1DFD275DE6BA006E3678 /* RepState.swift */ = {isa = PBXFileReference; fileEncoding = 4; lastKnownFileType = sourcecode.swift; path = RepState.swift; sourceTree = "<group>"; };
		96BA1DFE275DE6BA006E3678 /* Repselectors.swift */ = {isa = PBXFileReference; fileEncoding = 4; lastKnownFileType = sourcecode.swift; path = Repselectors.swift; sourceTree = "<group>"; };
		96BA1DFF275DE6BA006E3678 /* RepReducers.swift */ = {isa = PBXFileReference; fileEncoding = 4; lastKnownFileType = sourcecode.swift; path = RepReducers.swift; sourceTree = "<group>"; };
		96BA1E00275DE6BA006E3678 /* RepActions.swift */ = {isa = PBXFileReference; fileEncoding = 4; lastKnownFileType = sourcecode.swift; path = RepActions.swift; sourceTree = "<group>"; };
		9B31444F27EEAB870069E460 /* DetailView.swift */ = {isa = PBXFileReference; lastKnownFileType = sourcecode.swift; path = DetailView.swift; sourceTree = "<group>"; };
		9B31445527EEB0870069E460 /* RouterState.swift */ = {isa = PBXFileReference; lastKnownFileType = sourcecode.swift; path = RouterState.swift; sourceTree = "<group>"; };
		9B31445727EEB6910069E460 /* RouterAction.swift */ = {isa = PBXFileReference; lastKnownFileType = sourcecode.swift; path = RouterAction.swift; sourceTree = "<group>"; };
		9B31445927EEB6D50069E460 /* RouterReducer.swift */ = {isa = PBXFileReference; lastKnownFileType = sourcecode.swift; path = RouterReducer.swift; sourceTree = "<group>"; };
		9B31445C27EEBFE30069E460 /* RouterSelectors.swift */ = {isa = PBXFileReference; lastKnownFileType = sourcecode.swift; path = RouterSelectors.swift; sourceTree = "<group>"; };
		9B31445E27EEC1A20069E460 /* RootViewModel.swift */ = {isa = PBXFileReference; lastKnownFileType = sourcecode.swift; path = RootViewModel.swift; sourceTree = "<group>"; };
		9B31446127EEC2F90069E460 /* RootView.swift */ = {isa = PBXFileReference; lastKnownFileType = sourcecode.swift; path = RootView.swift; sourceTree = "<group>"; };
		9B31446327EEE5A30069E460 /* DetailViewModal.swift */ = {isa = PBXFileReference; lastKnownFileType = sourcecode.swift; path = DetailViewModal.swift; sourceTree = "<group>"; };
		9B31446527EEEE7C0069E460 /* Readme.swift */ = {isa = PBXFileReference; lastKnownFileType = sourcecode.swift; path = Readme.swift; sourceTree = "<group>"; };
		9B31446D27EF00830069E460 /* RequestStatus.swift */ = {isa = PBXFileReference; lastKnownFileType = sourcecode.swift; path = RequestStatus.swift; sourceTree = "<group>"; };
		9B79CAB92795791E006EE615 /* InAppSafariViewState.swift */ = {isa = PBXFileReference; fileEncoding = 4; lastKnownFileType = sourcecode.swift; path = InAppSafariViewState.swift; sourceTree = "<group>"; };
		9B79CABA2795791E006EE615 /* InAppSafariViewSelectors.swift */ = {isa = PBXFileReference; fileEncoding = 4; lastKnownFileType = sourcecode.swift; path = InAppSafariViewSelectors.swift; sourceTree = "<group>"; };
		9B79CABB2795791E006EE615 /* InAppSafariViewReducer.swift */ = {isa = PBXFileReference; fileEncoding = 4; lastKnownFileType = sourcecode.swift; path = InAppSafariViewReducer.swift; sourceTree = "<group>"; };
		9B79CABC2795791E006EE615 /* InAppSafariViewAction.swift */ = {isa = PBXFileReference; fileEncoding = 4; lastKnownFileType = sourcecode.swift; path = InAppSafariViewAction.swift; sourceTree = "<group>"; };
		9B79CAC127957D37006EE615 /* InAppSafariViewModel.swift */ = {isa = PBXFileReference; lastKnownFileType = sourcecode.swift; path = InAppSafariViewModel.swift; sourceTree = "<group>"; };
		9BDBD17B275355FA008DB20C /* API.swift */ = {isa = PBXFileReference; lastKnownFileType = sourcecode.swift; path = API.swift; sourceTree = "<group>"; };
		9BDBD18427536FCE008DB20C /* GitHubApiParams.swift */ = {isa = PBXFileReference; fileEncoding = 4; lastKnownFileType = sourcecode.swift; path = GitHubApiParams.swift; sourceTree = "<group>"; };
		9BDBD18627536FE7008DB20C /* SearchRepositoryResult.swift */ = {isa = PBXFileReference; lastKnownFileType = sourcecode.swift; path = SearchRepositoryResult.swift; sourceTree = "<group>"; };
		9BDBD1882753718D008DB20C /* Repository.swift */ = {isa = PBXFileReference; lastKnownFileType = sourcecode.swift; path = Repository.swift; sourceTree = "<group>"; };
		9BDBD18B27537A76008DB20C /* Preview Assets.xcassets */ = {isa = PBXFileReference; lastKnownFileType = folder.assetcatalog; path = "Preview Assets.xcassets"; sourceTree = "<group>"; };
		9BED4B3E27A409EE003710EC /* InAppSafariView.swift */ = {isa = PBXFileReference; lastKnownFileType = sourcecode.swift; path = InAppSafariView.swift; sourceTree = "<group>"; };
		9BED4B4127A42058003710EC /* ToastState.swift */ = {isa = PBXFileReference; lastKnownFileType = sourcecode.swift; path = ToastState.swift; sourceTree = "<group>"; };
		9BED4B4327A42146003710EC /* ToastAction.swift */ = {isa = PBXFileReference; lastKnownFileType = sourcecode.swift; path = ToastAction.swift; sourceTree = "<group>"; };
		9BED4B4527A421AD003710EC /* ToastReducer.swift */ = {isa = PBXFileReference; lastKnownFileType = sourcecode.swift; path = ToastReducer.swift; sourceTree = "<group>"; };
		9BED4B4727A425A0003710EC /* ToastSelectors.swift */ = {isa = PBXFileReference; lastKnownFileType = sourcecode.swift; path = ToastSelectors.swift; sourceTree = "<group>"; };
		9BED4B4D27A42721003710EC /* Toast.swift */ = {isa = PBXFileReference; lastKnownFileType = sourcecode.swift; path = Toast.swift; sourceTree = "<group>"; };
		9BED4B4F27A42730003710EC /* ToastViewModel.swift */ = {isa = PBXFileReference; lastKnownFileType = sourcecode.swift; path = ToastViewModel.swift; sourceTree = "<group>"; };
		9BED4B5F27A508AD003710EC /* Toast.swift */ = {isa = PBXFileReference; lastKnownFileType = sourcecode.swift; path = Toast.swift; sourceTree = "<group>"; };
		9BED4B6127A54895003710EC /* InAppSafariView.swift */ = {isa = PBXFileReference; lastKnownFileType = sourcecode.swift; path = InAppSafariView.swift; sourceTree = "<group>"; };
/* End PBXFileReference section */

/* Begin PBXFrameworksBuildPhase section */
		96728839274DF79000454CC0 /* Frameworks */ = {
			isa = PBXFrameworksBuildPhase;
			buildActionMask = 2147483647;
			files = (
				9B79CAB52795789C006EE615 /* ReMVVMCore in Frameworks */,
				9B79CAB72795789C006EE615 /* ReMVVMSwiftUI in Frameworks */,
				9B79CAAC27957798006EE615 /* Logging in Frameworks */,
				9B31446927EEEFC70069E460 /* MarkdownUI in Frameworks */,
				96B2C9CE2769A9530073DB41 /* BetterSafariView in Frameworks */,
				9B79CAAF2795782D006EE615 /* Alamofire in Frameworks */,
				9B79CAB227957869006EE615 /* AlamofireImage in Frameworks */,
				9BED4B4B27A426DC003710EC /* ToastUI in Frameworks */,
			);
			runOnlyForDeploymentPostprocessing = 0;
		};
		96728849274DF79300454CC0 /* Frameworks */ = {
			isa = PBXFrameworksBuildPhase;
			buildActionMask = 2147483647;
			files = (
			);
			runOnlyForDeploymentPostprocessing = 0;
		};
		96728853274DF79300454CC0 /* Frameworks */ = {
			isa = PBXFrameworksBuildPhase;
			buildActionMask = 2147483647;
			files = (
			);
			runOnlyForDeploymentPostprocessing = 0;
		};
/* End PBXFrameworksBuildPhase section */

/* Begin PBXGroup section */
		96728833274DF79000454CC0 = {
			isa = PBXGroup;
			children = (
				9672883E274DF79000454CC0 /* FindGitHubRep */,
				9672884F274DF79300454CC0 /* FindGitHubRepTests */,
				96728859274DF79300454CC0 /* FindGitHubRepUITests */,
				9672883D274DF79000454CC0 /* Products */,
			);
			sourceTree = "<group>";
		};
		9672883D274DF79000454CC0 /* Products */ = {
			isa = PBXGroup;
			children = (
				9672883C274DF79000454CC0 /* FindGitHubRep.app */,
				9672884C274DF79300454CC0 /* FindGitHubRepTests.xctest */,
				96728856274DF79300454CC0 /* FindGitHubRepUITests.xctest */,
			);
			name = Products;
			sourceTree = "<group>";
		};
		9672883E274DF79000454CC0 /* FindGitHubRep */ = {
			isa = PBXGroup;
			children = (
				9672883F274DF79000454CC0 /* FindGitHubRepApp.swift */,
				96728843274DF79200454CC0 /* Assets.xcassets */,
				968F9D2D275074CD0065F9D1 /* API */,
				968F9D2C275074CD0065F9D1 /* Controller */,
				968F9D2E275074CD0065F9D1 /* Model */,
				9BDBD18A27537A3D008DB20C /* Preview Content */,
				968F9D632750831C0065F9D1 /* Redux */,
				968F9D31275074CD0065F9D1 /* Utils */,
				968F9D32275074CD0065F9D1 /* View */,
				968F9D33275074CD0065F9D1 /* ViewModel */,
			);
			path = FindGitHubRep;
			sourceTree = "<group>";
		};
		9672884F274DF79300454CC0 /* FindGitHubRepTests */ = {
			isa = PBXGroup;
			children = (
				9BED4B5E27A5087C003710EC /* redux */,
				96B123A7276975A30075DF2E /* json */,
				96728850274DF79300454CC0 /* FindGitHubRepTests.swift */,
			);
			path = FindGitHubRepTests;
			sourceTree = "<group>";
		};
		96728859274DF79300454CC0 /* FindGitHubRepUITests */ = {
			isa = PBXGroup;
			children = (
				9672885A274DF79300454CC0 /* FindGitHubRepUITests.swift */,
				9672885C274DF79300454CC0 /* FindGitHubRepUITestsLaunchTests.swift */,
			);
			path = FindGitHubRepUITests;
			sourceTree = "<group>";
		};
		968F9D2C275074CD0065F9D1 /* Controller */ = {
			isa = PBXGroup;
			children = (
			);
			path = Controller;
			sourceTree = "<group>";
		};
		968F9D2D275074CD0065F9D1 /* API */ = {
			isa = PBXGroup;
			children = (
				9BDBD18327536FCE008DB20C /* GitHub */,
				9BDBD17B275355FA008DB20C /* API.swift */,
			);
			path = API;
			sourceTree = "<group>";
		};
		968F9D2E275074CD0065F9D1 /* Model */ = {
			isa = PBXGroup;
			children = (
			);
			path = Model;
			sourceTree = "<group>";
		};
		968F9D31275074CD0065F9D1 /* Utils */ = {
			isa = PBXGroup;
			children = (
				96B123AC2769849A0075DF2E /* RemoteImageView.swift */,
				9B31446D27EF00830069E460 /* RequestStatus.swift */,
			);
			path = Utils;
			sourceTree = "<group>";
		};
		968F9D32275074CD0065F9D1 /* View */ = {
			isa = PBXGroup;
			children = (
				9B31446027EEC2E10069E460 /* RootView */,
				9B31444E27EEAB650069E460 /* DetailView */,
				9BED4B4C27A42715003710EC /* ToastView */,
				9BED4B3D27A409E4003710EC /* InAppSafariView */,
				96B123A2276974A90075DF2E /* SearchRepositoryListView */,
				968F9D4E275076C40065F9D1 /* CounterView.swift */,
			);
			path = View;
			sourceTree = "<group>";
		};
		968F9D33275074CD0065F9D1 /* ViewModel */ = {
			isa = PBXGroup;
			children = (
				968F9D4C275076200065F9D1 /* CounterViewModel.swift */,
				96BA1DFA275DE3EE006E3678 /* SearchRepositoryViewModel.swift */,
				9B79CAC127957D37006EE615 /* InAppSafariViewModel.swift */,
				9BED4B4F27A42730003710EC /* ToastViewModel.swift */,
				9B31445E27EEC1A20069E460 /* RootViewModel.swift */,
				9B31446327EEE5A30069E460 /* DetailViewModal.swift */,
			);
			path = ViewModel;
			sourceTree = "<group>";
		};
		968F9D632750831C0065F9D1 /* Redux */ = {
			isa = PBXGroup;
			children = (
				968F9D642750831C0065F9D1 /* InitializeRedux.swift */,
				968F9D652750831C0065F9D1 /* RootState.swift */,
				968F9D662750831C0065F9D1 /* RootReducer.swift */,
				968F9D672750831C0065F9D1 /* Modules */,
			);
			path = Redux;
			sourceTree = "<group>";
		};
		968F9D672750831C0065F9D1 /* Modules */ = {
			isa = PBXGroup;
			children = (
				9B31445427EEAFE00069E460 /* Router */,
				9BED4B4027A42049003710EC /* Toast */,
				9B79CAB82795791E006EE615 /* InAppSafariView */,
				96BA1DFC275DE6BA006E3678 /* Repository */,
				968F9D682750831C0065F9D1 /* Counter */,
			);
			path = Modules;
			sourceTree = "<group>";
		};
		968F9D682750831C0065F9D1 /* Counter */ = {
			isa = PBXGroup;
			children = (
				968F9D692750831C0065F9D1 /* state.swift */,
				968F9D6A2750831C0065F9D1 /* reducers.swift */,
				968F9D6B2750831C0065F9D1 /* actions.swift */,
				968F9D73275083400065F9D1 /* selectors.swift */,
			);
			path = Counter;
			sourceTree = "<group>";
		};
		96B123A2276974A90075DF2E /* SearchRepositoryListView */ = {
			isa = PBXGroup;
			children = (
				96B123A3276974A90075DF2E /* RepositoryItem.swift */,
				96B123A4276974A90075DF2E /* SearchRepositoryView.swift */,
			);
			path = SearchRepositoryListView;
			sourceTree = "<group>";
		};
		96B123A7276975A30075DF2E /* json */ = {
			isa = PBXGroup;
			children = (
				96B123A8276975A30075DF2E /* SearchRepositoryResult.json */,
			);
			path = json;
			sourceTree = "<group>";
		};
		96BA1DFC275DE6BA006E3678 /* Repository */ = {
			isa = PBXGroup;
			children = (
				96BA1DFD275DE6BA006E3678 /* RepState.swift */,
				96BA1DFE275DE6BA006E3678 /* Repselectors.swift */,
				96BA1DFF275DE6BA006E3678 /* RepReducers.swift */,
				96BA1E00275DE6BA006E3678 /* RepActions.swift */,
			);
			path = Repository;
			sourceTree = "<group>";
		};
		9B31444E27EEAB650069E460 /* DetailView */ = {
			isa = PBXGroup;
			children = (
				9B31444F27EEAB870069E460 /* DetailView.swift */,
			);
			path = DetailView;
			sourceTree = "<group>";
		};
		9B31445427EEAFE00069E460 /* Router */ = {
			isa = PBXGroup;
			children = (
				9B31445527EEB0870069E460 /* RouterState.swift */,
				9B31445727EEB6910069E460 /* RouterAction.swift */,
				9B31445927EEB6D50069E460 /* RouterReducer.swift */,
				9B31445C27EEBFE30069E460 /* RouterSelectors.swift */,
			);
			name = Router;
			path = FindGitHubRep/redux/modules/Router;
			sourceTree = SOURCE_ROOT;
		};
		9B31446027EEC2E10069E460 /* RootView */ = {
			isa = PBXGroup;
			children = (
				9B31446127EEC2F90069E460 /* RootView.swift */,
			);
			path = RootView;
			sourceTree = "<group>";
		};
		9B79CAB82795791E006EE615 /* InAppSafariView */ = {
			isa = PBXGroup;
			children = (
				9B79CAB92795791E006EE615 /* InAppSafariViewState.swift */,
				9B79CABA2795791E006EE615 /* InAppSafariViewSelectors.swift */,
				9B79CABB2795791E006EE615 /* InAppSafariViewReducer.swift */,
				9B79CABC2795791E006EE615 /* InAppSafariViewAction.swift */,
			);
			name = InAppSafariView;
			path = FindGitHubRep/redux/modules/InAppSafariView;
			sourceTree = SOURCE_ROOT;
		};
		9BDBD18327536FCE008DB20C /* GitHub */ = {
			isa = PBXGroup;
			children = (
				9BDBD18427536FCE008DB20C /* GitHubApiParams.swift */,
				9BDBD18627536FE7008DB20C /* SearchRepositoryResult.swift */,
				9BDBD1882753718D008DB20C /* Repository.swift */,
				96B1238D27696E360075DF2E /* GitHubApi+Debug.swift */,
				96B123AA2769777C0075DF2E /* User.swift */,
				9B31446527EEEE7C0069E460 /* Readme.swift */,
			);
			path = GitHub;
			sourceTree = "<group>";
		};
		9BDBD18A27537A3D008DB20C /* Preview Content */ = {
			isa = PBXGroup;
			children = (
				9BDBD18B27537A76008DB20C /* Preview Assets.xcassets */,
			);
			path = "Preview Content";
			sourceTree = "<group>";
		};
		9BED4B3D27A409E4003710EC /* InAppSafariView */ = {
			isa = PBXGroup;
			children = (
				9BED4B3E27A409EE003710EC /* InAppSafariView.swift */,
			);
			path = InAppSafariView;
			sourceTree = "<group>";
		};
		9BED4B4027A42049003710EC /* Toast */ = {
			isa = PBXGroup;
			children = (
				9BED4B4127A42058003710EC /* ToastState.swift */,
				9BED4B4327A42146003710EC /* ToastAction.swift */,
				9BED4B4527A421AD003710EC /* ToastReducer.swift */,
				9BED4B4727A425A0003710EC /* ToastSelectors.swift */,
			);
			name = Toast;
			path = FindGitHubRep/redux/modules/Toast;
			sourceTree = SOURCE_ROOT;
		};
		9BED4B4C27A42715003710EC /* ToastView */ = {
			isa = PBXGroup;
			children = (
				9BED4B4D27A42721003710EC /* Toast.swift */,
			);
			path = ToastView;
			sourceTree = "<group>";
		};
		9BED4B5E27A5087C003710EC /* redux */ = {
			isa = PBXGroup;
			children = (
				9BED4B5F27A508AD003710EC /* Toast.swift */,
				9BED4B6127A54895003710EC /* InAppSafariView.swift */,
			);
			path = redux;
			sourceTree = "<group>";
		};
/* End PBXGroup section */

/* Begin PBXNativeTarget section */
		9672883B274DF79000454CC0 /* FindGitHubRep */ = {
			isa = PBXNativeTarget;
			buildConfigurationList = 96728860274DF79300454CC0 /* Build configuration list for PBXNativeTarget "FindGitHubRep" */;
			buildPhases = (
				96728838274DF79000454CC0 /* Sources */,
				96728839274DF79000454CC0 /* Frameworks */,
				9672883A274DF79000454CC0 /* Resources */,
				9B1CA97827E55878000B4072 /* run SwiftLint */,
			);
			buildRules = (
			);
			dependencies = (
			);
			name = FindGitHubRep;
			packageProductDependencies = (
				96B2C9CD2769A9530073DB41 /* BetterSafariView */,
				9B79CAAB27957798006EE615 /* Logging */,
				9B79CAAE2795782D006EE615 /* Alamofire */,
				9B79CAB127957869006EE615 /* AlamofireImage */,
				9B79CAB42795789C006EE615 /* ReMVVMCore */,
				9B79CAB62795789C006EE615 /* ReMVVMSwiftUI */,
				9BED4B4A27A426DC003710EC /* ToastUI */,
				9B31446827EEEFC70069E460 /* MarkdownUI */,
			);
			productName = FindGitHubRep;
			productReference = 9672883C274DF79000454CC0 /* FindGitHubRep.app */;
			productType = "com.apple.product-type.application";
		};
		9672884B274DF79300454CC0 /* FindGitHubRepTests */ = {
			isa = PBXNativeTarget;
			buildConfigurationList = 96728863274DF79300454CC0 /* Build configuration list for PBXNativeTarget "FindGitHubRepTests" */;
			buildPhases = (
				96728848274DF79300454CC0 /* Sources */,
				96728849274DF79300454CC0 /* Frameworks */,
				9672884A274DF79300454CC0 /* Resources */,
			);
			buildRules = (
			);
			dependencies = (
				9672884E274DF79300454CC0 /* PBXTargetDependency */,
			);
			name = FindGitHubRepTests;
			productName = FindGitHubRepTests;
			productReference = 9672884C274DF79300454CC0 /* FindGitHubRepTests.xctest */;
			productType = "com.apple.product-type.bundle.unit-test";
		};
		96728855274DF79300454CC0 /* FindGitHubRepUITests */ = {
			isa = PBXNativeTarget;
			buildConfigurationList = 96728866274DF79300454CC0 /* Build configuration list for PBXNativeTarget "FindGitHubRepUITests" */;
			buildPhases = (
				96728852274DF79300454CC0 /* Sources */,
				96728853274DF79300454CC0 /* Frameworks */,
				96728854274DF79300454CC0 /* Resources */,
			);
			buildRules = (
			);
			dependencies = (
				96728858274DF79300454CC0 /* PBXTargetDependency */,
			);
			name = FindGitHubRepUITests;
			productName = FindGitHubRepUITests;
			productReference = 96728856274DF79300454CC0 /* FindGitHubRepUITests.xctest */;
			productType = "com.apple.product-type.bundle.ui-testing";
		};
/* End PBXNativeTarget section */

/* Begin PBXProject section */
		96728834274DF79000454CC0 /* Project object */ = {
			isa = PBXProject;
			attributes = {
				BuildIndependentTargetsInParallel = 1;
				LastSwiftUpdateCheck = 1300;
				LastUpgradeCheck = 1300;
				TargetAttributes = {
					9672883B274DF79000454CC0 = {
						CreatedOnToolsVersion = 13.0;
					};
					9672884B274DF79300454CC0 = {
						CreatedOnToolsVersion = 13.0;
						TestTargetID = 9672883B274DF79000454CC0;
					};
					96728855274DF79300454CC0 = {
						CreatedOnToolsVersion = 13.0;
						TestTargetID = 9672883B274DF79000454CC0;
					};
				};
			};
			buildConfigurationList = 96728837274DF79000454CC0 /* Build configuration list for PBXProject "FindGitHubRep" */;
			compatibilityVersion = "Xcode 13.0";
			developmentRegion = en;
			hasScannedForEncodings = 0;
			knownRegions = (
				en,
				Base,
			);
			mainGroup = 96728833274DF79000454CC0;
			packageReferences = (
				96B2C9CC2769A9530073DB41 /* XCRemoteSwiftPackageReference "BetterSafariView" */,
				9B79CAAA27957798006EE615 /* XCRemoteSwiftPackageReference "swift-log" */,
				9B79CAAD2795782D006EE615 /* XCRemoteSwiftPackageReference "Alamofire" */,
				9B79CAB027957869006EE615 /* XCRemoteSwiftPackageReference "AlamofireImage" */,
				9B79CAB32795789C006EE615 /* XCRemoteSwiftPackageReference "ReMVVM" */,
				9BED4B4927A426DC003710EC /* XCRemoteSwiftPackageReference "ToastUI" */,
				9B31446727EEEFC70069E460 /* XCRemoteSwiftPackageReference "MarkdownUI" */,
			);
			productRefGroup = 9672883D274DF79000454CC0 /* Products */;
			projectDirPath = "";
			projectRoot = "";
			targets = (
				9672883B274DF79000454CC0 /* FindGitHubRep */,
				9672884B274DF79300454CC0 /* FindGitHubRepTests */,
				96728855274DF79300454CC0 /* FindGitHubRepUITests */,
			);
		};
/* End PBXProject section */

/* Begin PBXResourcesBuildPhase section */
		9672883A274DF79000454CC0 /* Resources */ = {
			isa = PBXResourcesBuildPhase;
			buildActionMask = 2147483647;
			files = (
				9BDBD18C27537A76008DB20C /* Preview Assets.xcassets in Resources */,
				96728844274DF79200454CC0 /* Assets.xcassets in Resources */,
			);
			runOnlyForDeploymentPostprocessing = 0;
		};
		9672884A274DF79300454CC0 /* Resources */ = {
			isa = PBXResourcesBuildPhase;
			buildActionMask = 2147483647;
			files = (
				96B123A9276975A30075DF2E /* SearchRepositoryResult.json in Resources */,
			);
			runOnlyForDeploymentPostprocessing = 0;
		};
		96728854274DF79300454CC0 /* Resources */ = {
			isa = PBXResourcesBuildPhase;
			buildActionMask = 2147483647;
			files = (
			);
			runOnlyForDeploymentPostprocessing = 0;
		};
/* End PBXResourcesBuildPhase section */

/* Begin PBXShellScriptBuildPhase section */
		9B1CA97827E55878000B4072 /* run SwiftLint */ = {
			isa = PBXShellScriptBuildPhase;
			buildActionMask = 2147483647;
			files = (
			);
			inputFileListPaths = (
			);
			inputPaths = (
			);
			name = "run SwiftLint";
			outputFileListPaths = (
			);
			outputPaths = (
			);
			runOnlyForDeploymentPostprocessing = 0;
			shellPath = /bin/sh;
			shellScript = "export PATH=\"$PATH:/opt/homebrew/bin\"\nif which swiftlint > /dev/null; then\n  git diff --name-only | grep .swift | while read filename; do\n      swiftlint --fix --format --path \"$filename\"\n  done\nelse\n  echo \"warning: SwiftLint not installed, download from https://github.com/realm/SwiftLint\"\nfi\n";
		};
/* End PBXShellScriptBuildPhase section */

/* Begin PBXSourcesBuildPhase section */
		96728838274DF79000454CC0 /* Sources */ = {
			isa = PBXSourcesBuildPhase;
			buildActionMask = 2147483647;
			files = (
				9BED4B4627A421AD003710EC /* ToastReducer.swift in Sources */,
				9BDBD17C275355FA008DB20C /* API.swift in Sources */,
				96BA1E04275DE6BA006E3678 /* RepActions.swift in Sources */,
				96B123AD2769849A0075DF2E /* RemoteImageView.swift in Sources */,
				968F9D4D275076200065F9D1 /* CounterViewModel.swift in Sources */,
				96BA1E01275DE6BA006E3678 /* RepState.swift in Sources */,
				9B79CAC02795791E006EE615 /* InAppSafariViewAction.swift in Sources */,
				9B79CABF2795791E006EE615 /* InAppSafariViewReducer.swift in Sources */,
				96BA1DFB275DE3EE006E3678 /* SearchRepositoryViewModel.swift in Sources */,
				9B31445A27EEB6D50069E460 /* RouterReducer.swift in Sources */,
				968F9D712750831C0065F9D1 /* actions.swift in Sources */,
				9BED4B4827A425A0003710EC /* ToastSelectors.swift in Sources */,
				9BED4B4427A42146003710EC /* ToastAction.swift in Sources */,
				96B123A6276974A90075DF2E /* SearchRepositoryView.swift in Sources */,
				968F9D6D2750831C0065F9D1 /* RootState.swift in Sources */,
				968F9D74275083400065F9D1 /* selectors.swift in Sources */,
				9BDBD1892753718D008DB20C /* Repository.swift in Sources */,
				9BDBD18527536FCE008DB20C /* GitHubApiParams.swift in Sources */,
				9B79CABD2795791E006EE615 /* InAppSafariViewState.swift in Sources */,
				96728840274DF79000454CC0 /* FindGitHubRepApp.swift in Sources */,
				9B31446227EEC2F90069E460 /* RootView.swift in Sources */,
				968F9D4F275076C40065F9D1 /* CounterView.swift in Sources */,
				9B31445627EEB0870069E460 /* RouterState.swift in Sources */,
				9B31445F27EEC1A20069E460 /* RootViewModel.swift in Sources */,
				96BA1E03275DE6BA006E3678 /* RepReducers.swift in Sources */,
				9B31446627EEEE7C0069E460 /* Readme.swift in Sources */,
				96B123A5276974A90075DF2E /* RepositoryItem.swift in Sources */,
				9BED4B5027A42730003710EC /* ToastViewModel.swift in Sources */,
				9B31446427EEE5A30069E460 /* DetailViewModal.swift in Sources */,
				9BED4B4227A42058003710EC /* ToastState.swift in Sources */,
				96BA1E02275DE6BA006E3678 /* Repselectors.swift in Sources */,
				9B31445027EEAB870069E460 /* DetailView.swift in Sources */,
				968F9D702750831C0065F9D1 /* reducers.swift in Sources */,
				9BDBD18727536FE7008DB20C /* SearchRepositoryResult.swift in Sources */,
				968F9D6C2750831C0065F9D1 /* InitializeRedux.swift in Sources */,
				96B1238E27696E360075DF2E /* GitHubApi+Debug.swift in Sources */,
				968F9D6E2750831C0065F9D1 /* RootReducer.swift in Sources */,
				9B31445827EEB6910069E460 /* RouterAction.swift in Sources */,
				9BED4B4E27A42721003710EC /* Toast.swift in Sources */,
				968F9D6F2750831C0065F9D1 /* state.swift in Sources */,
				9B79CABE2795791E006EE615 /* InAppSafariViewSelectors.swift in Sources */,
				9B31446E27EF00830069E460 /* RequestStatus.swift in Sources */,
				96B123AB2769777C0075DF2E /* User.swift in Sources */,
				9B79CAC227957D37006EE615 /* InAppSafariViewModel.swift in Sources */,
				9B31445D27EEBFE30069E460 /* RouterSelectors.swift in Sources */,
				9BED4B3F27A409EE003710EC /* InAppSafariView.swift in Sources */,
			);
			runOnlyForDeploymentPostprocessing = 0;
		};
		96728848274DF79300454CC0 /* Sources */ = {
			isa = PBXSourcesBuildPhase;
			buildActionMask = 2147483647;
			files = (
				96728851274DF79300454CC0 /* FindGitHubRepTests.swift in Sources */,
				9BED4B6027A508AD003710EC /* Toast.swift in Sources */,
				9BED4B6227A54895003710EC /* InAppSafariView.swift in Sources */,
			);
			runOnlyForDeploymentPostprocessing = 0;
		};
		96728852274DF79300454CC0 /* Sources */ = {
			isa = PBXSourcesBuildPhase;
			buildActionMask = 2147483647;
			files = (
				9672885D274DF79300454CC0 /* FindGitHubRepUITestsLaunchTests.swift in Sources */,
				9672885B274DF79300454CC0 /* FindGitHubRepUITests.swift in Sources */,
			);
			runOnlyForDeploymentPostprocessing = 0;
		};
/* End PBXSourcesBuildPhase section */

/* Begin PBXTargetDependency section */
		9672884E274DF79300454CC0 /* PBXTargetDependency */ = {
			isa = PBXTargetDependency;
			target = 9672883B274DF79000454CC0 /* FindGitHubRep */;
			targetProxy = 9672884D274DF79300454CC0 /* PBXContainerItemProxy */;
		};
		96728858274DF79300454CC0 /* PBXTargetDependency */ = {
			isa = PBXTargetDependency;
			target = 9672883B274DF79000454CC0 /* FindGitHubRep */;
			targetProxy = 96728857274DF79300454CC0 /* PBXContainerItemProxy */;
		};
/* End PBXTargetDependency section */

/* Begin XCBuildConfiguration section */
		9672885E274DF79300454CC0 /* Debug */ = {
			isa = XCBuildConfiguration;
			buildSettings = {
				ALWAYS_SEARCH_USER_PATHS = NO;
				CLANG_ANALYZER_NONNULL = YES;
				CLANG_ANALYZER_NUMBER_OBJECT_CONVERSION = YES_AGGRESSIVE;
				CLANG_CXX_LANGUAGE_STANDARD = "gnu++17";
				CLANG_CXX_LIBRARY = "libc++";
				CLANG_ENABLE_MODULES = YES;
				CLANG_ENABLE_OBJC_ARC = YES;
				CLANG_ENABLE_OBJC_WEAK = YES;
				CLANG_WARN_BLOCK_CAPTURE_AUTORELEASING = YES;
				CLANG_WARN_BOOL_CONVERSION = YES;
				CLANG_WARN_COMMA = YES;
				CLANG_WARN_CONSTANT_CONVERSION = YES;
				CLANG_WARN_DEPRECATED_OBJC_IMPLEMENTATIONS = YES;
				CLANG_WARN_DIRECT_OBJC_ISA_USAGE = YES_ERROR;
				CLANG_WARN_DOCUMENTATION_COMMENTS = YES;
				CLANG_WARN_EMPTY_BODY = YES;
				CLANG_WARN_ENUM_CONVERSION = YES;
				CLANG_WARN_INFINITE_RECURSION = YES;
				CLANG_WARN_INT_CONVERSION = YES;
				CLANG_WARN_NON_LITERAL_NULL_CONVERSION = YES;
				CLANG_WARN_OBJC_IMPLICIT_RETAIN_SELF = YES;
				CLANG_WARN_OBJC_LITERAL_CONVERSION = YES;
				CLANG_WARN_OBJC_ROOT_CLASS = YES_ERROR;
				CLANG_WARN_QUOTED_INCLUDE_IN_FRAMEWORK_HEADER = YES;
				CLANG_WARN_RANGE_LOOP_ANALYSIS = YES;
				CLANG_WARN_STRICT_PROTOTYPES = YES;
				CLANG_WARN_SUSPICIOUS_MOVE = YES;
				CLANG_WARN_UNGUARDED_AVAILABILITY = YES_AGGRESSIVE;
				CLANG_WARN_UNREACHABLE_CODE = YES;
				CLANG_WARN__DUPLICATE_METHOD_MATCH = YES;
				COPY_PHASE_STRIP = NO;
				DEBUG_INFORMATION_FORMAT = dwarf;
				ENABLE_STRICT_OBJC_MSGSEND = YES;
				ENABLE_TESTABILITY = YES;
				GCC_C_LANGUAGE_STANDARD = gnu11;
				GCC_DYNAMIC_NO_PIC = NO;
				GCC_NO_COMMON_BLOCKS = YES;
				GCC_OPTIMIZATION_LEVEL = 0;
				GCC_PREPROCESSOR_DEFINITIONS = (
					"DEBUG=1",
					"$(inherited)",
				);
				GCC_WARN_64_TO_32_BIT_CONVERSION = YES;
				GCC_WARN_ABOUT_RETURN_TYPE = YES_ERROR;
				GCC_WARN_UNDECLARED_SELECTOR = YES;
				GCC_WARN_UNINITIALIZED_AUTOS = YES_AGGRESSIVE;
				GCC_WARN_UNUSED_FUNCTION = YES;
				GCC_WARN_UNUSED_VARIABLE = YES;
				IPHONEOS_DEPLOYMENT_TARGET = 15.0;
				MTL_ENABLE_DEBUG_INFO = INCLUDE_SOURCE;
				MTL_FAST_MATH = YES;
				ONLY_ACTIVE_ARCH = YES;
				SDKROOT = iphoneos;
				SWIFT_ACTIVE_COMPILATION_CONDITIONS = DEBUG;
				SWIFT_OPTIMIZATION_LEVEL = "-Onone";
			};
			name = Debug;
		};
		9672885F274DF79300454CC0 /* Release */ = {
			isa = XCBuildConfiguration;
			buildSettings = {
				ALWAYS_SEARCH_USER_PATHS = NO;
				CLANG_ANALYZER_NONNULL = YES;
				CLANG_ANALYZER_NUMBER_OBJECT_CONVERSION = YES_AGGRESSIVE;
				CLANG_CXX_LANGUAGE_STANDARD = "gnu++17";
				CLANG_CXX_LIBRARY = "libc++";
				CLANG_ENABLE_MODULES = YES;
				CLANG_ENABLE_OBJC_ARC = YES;
				CLANG_ENABLE_OBJC_WEAK = YES;
				CLANG_WARN_BLOCK_CAPTURE_AUTORELEASING = YES;
				CLANG_WARN_BOOL_CONVERSION = YES;
				CLANG_WARN_COMMA = YES;
				CLANG_WARN_CONSTANT_CONVERSION = YES;
				CLANG_WARN_DEPRECATED_OBJC_IMPLEMENTATIONS = YES;
				CLANG_WARN_DIRECT_OBJC_ISA_USAGE = YES_ERROR;
				CLANG_WARN_DOCUMENTATION_COMMENTS = YES;
				CLANG_WARN_EMPTY_BODY = YES;
				CLANG_WARN_ENUM_CONVERSION = YES;
				CLANG_WARN_INFINITE_RECURSION = YES;
				CLANG_WARN_INT_CONVERSION = YES;
				CLANG_WARN_NON_LITERAL_NULL_CONVERSION = YES;
				CLANG_WARN_OBJC_IMPLICIT_RETAIN_SELF = YES;
				CLANG_WARN_OBJC_LITERAL_CONVERSION = YES;
				CLANG_WARN_OBJC_ROOT_CLASS = YES_ERROR;
				CLANG_WARN_QUOTED_INCLUDE_IN_FRAMEWORK_HEADER = YES;
				CLANG_WARN_RANGE_LOOP_ANALYSIS = YES;
				CLANG_WARN_STRICT_PROTOTYPES = YES;
				CLANG_WARN_SUSPICIOUS_MOVE = YES;
				CLANG_WARN_UNGUARDED_AVAILABILITY = YES_AGGRESSIVE;
				CLANG_WARN_UNREACHABLE_CODE = YES;
				CLANG_WARN__DUPLICATE_METHOD_MATCH = YES;
				COPY_PHASE_STRIP = NO;
				DEBUG_INFORMATION_FORMAT = "dwarf-with-dsym";
				ENABLE_NS_ASSERTIONS = NO;
				ENABLE_STRICT_OBJC_MSGSEND = YES;
				GCC_C_LANGUAGE_STANDARD = gnu11;
				GCC_NO_COMMON_BLOCKS = YES;
				GCC_WARN_64_TO_32_BIT_CONVERSION = YES;
				GCC_WARN_ABOUT_RETURN_TYPE = YES_ERROR;
				GCC_WARN_UNDECLARED_SELECTOR = YES;
				GCC_WARN_UNINITIALIZED_AUTOS = YES_AGGRESSIVE;
				GCC_WARN_UNUSED_FUNCTION = YES;
				GCC_WARN_UNUSED_VARIABLE = YES;
				IPHONEOS_DEPLOYMENT_TARGET = 15.0;
				MTL_ENABLE_DEBUG_INFO = NO;
				MTL_FAST_MATH = YES;
				SDKROOT = iphoneos;
				SWIFT_COMPILATION_MODE = wholemodule;
				SWIFT_OPTIMIZATION_LEVEL = "-O";
				VALIDATE_PRODUCT = YES;
			};
			name = Release;
		};
		96728861274DF79300454CC0 /* Debug */ = {
			isa = XCBuildConfiguration;
			buildSettings = {
				ASSETCATALOG_COMPILER_APPICON_NAME = AppIcon;
				ASSETCATALOG_COMPILER_GLOBAL_ACCENT_COLOR_NAME = AccentColor;
				CODE_SIGN_STYLE = Automatic;
				CURRENT_PROJECT_VERSION = 1;
				DEVELOPMENT_ASSET_PATHS = "\"FindGitHubRep/Preview Content\"";
				DEVELOPMENT_TEAM = PL856FN8YQ;
				ENABLE_PREVIEWS = YES;
				GENERATE_INFOPLIST_FILE = YES;
				INFOPLIST_KEY_UIApplicationSceneManifest_Generation = YES;
				INFOPLIST_KEY_UIApplicationSupportsIndirectInputEvents = YES;
				INFOPLIST_KEY_UILaunchScreen_Generation = YES;
				INFOPLIST_KEY_UISupportedInterfaceOrientations_iPad = "UIInterfaceOrientationPortrait UIInterfaceOrientationPortraitUpsideDown UIInterfaceOrientationLandscapeLeft UIInterfaceOrientationLandscapeRight";
				INFOPLIST_KEY_UISupportedInterfaceOrientations_iPhone = "UIInterfaceOrientationPortrait UIInterfaceOrientationLandscapeLeft UIInterfaceOrientationLandscapeRight";
				IPHONEOS_DEPLOYMENT_TARGET = 15.0;
				LD_RUNPATH_SEARCH_PATHS = (
					"$(inherited)",
					"@executable_path/Frameworks",
				);
				MARKETING_VERSION = 1.0;
				OTHER_SWIFT_FLAGS = "-Xfrontend -warn-concurrency";
				PRODUCT_BUNDLE_IDENTIFIER = net.mituwa.FindGitHubRep;
				PRODUCT_NAME = "$(TARGET_NAME)";
				SWIFT_EMIT_LOC_STRINGS = YES;
				SWIFT_VERSION = 5.0;
				TARGETED_DEVICE_FAMILY = "1,2";
			};
			name = Debug;
		};
		96728862274DF79300454CC0 /* Release */ = {
			isa = XCBuildConfiguration;
			buildSettings = {
				ASSETCATALOG_COMPILER_APPICON_NAME = AppIcon;
				ASSETCATALOG_COMPILER_GLOBAL_ACCENT_COLOR_NAME = AccentColor;
				CODE_SIGN_STYLE = Automatic;
				CURRENT_PROJECT_VERSION = 1;
				DEVELOPMENT_ASSET_PATHS = "\"FindGitHubRep/Preview Content\"";
				DEVELOPMENT_TEAM = PL856FN8YQ;
				ENABLE_PREVIEWS = YES;
				GENERATE_INFOPLIST_FILE = YES;
				INFOPLIST_KEY_UIApplicationSceneManifest_Generation = YES;
				INFOPLIST_KEY_UIApplicationSupportsIndirectInputEvents = YES;
				INFOPLIST_KEY_UILaunchScreen_Generation = YES;
				INFOPLIST_KEY_UISupportedInterfaceOrientations_iPad = "UIInterfaceOrientationPortrait UIInterfaceOrientationPortraitUpsideDown UIInterfaceOrientationLandscapeLeft UIInterfaceOrientationLandscapeRight";
				INFOPLIST_KEY_UISupportedInterfaceOrientations_iPhone = "UIInterfaceOrientationPortrait UIInterfaceOrientationLandscapeLeft UIInterfaceOrientationLandscapeRight";
				IPHONEOS_DEPLOYMENT_TARGET = 15.0;
				LD_RUNPATH_SEARCH_PATHS = (
					"$(inherited)",
					"@executable_path/Frameworks",
				);
				MARKETING_VERSION = 1.0;
				OTHER_SWIFT_FLAGS = "-Xfrontend -warn-concurrency";
				PRODUCT_BUNDLE_IDENTIFIER = net.mituwa.FindGitHubRep;
				PRODUCT_NAME = "$(TARGET_NAME)";
				SWIFT_EMIT_LOC_STRINGS = YES;
				SWIFT_VERSION = 5.0;
				TARGETED_DEVICE_FAMILY = "1,2";
			};
			name = Release;
		};
		96728864274DF79300454CC0 /* Debug */ = {
			isa = XCBuildConfiguration;
			buildSettings = {
				ALWAYS_EMBED_SWIFT_STANDARD_LIBRARIES = YES;
				BUNDLE_LOADER = "$(TEST_HOST)";
				CODE_SIGN_STYLE = Automatic;
				CURRENT_PROJECT_VERSION = 1;
				DEVELOPMENT_TEAM = 258G37N9BU;
				GENERATE_INFOPLIST_FILE = YES;
				IPHONEOS_DEPLOYMENT_TARGET = 15.0;
				LD_RUNPATH_SEARCH_PATHS = (
					"$(inherited)",
					"@executable_path/Frameworks",
					"@loader_path/Frameworks",
				);
				MARKETING_VERSION = 1.0;
				PRODUCT_BUNDLE_IDENTIFIER = net.mituwa.FindGitHubRepTests;
				PRODUCT_NAME = "$(TARGET_NAME)";
				SWIFT_EMIT_LOC_STRINGS = NO;
				SWIFT_VERSION = 5.0;
				TARGETED_DEVICE_FAMILY = "1,2";
				TEST_HOST = "$(BUILT_PRODUCTS_DIR)/FindGitHubRep.app/FindGitHubRep";
			};
			name = Debug;
		};
		96728865274DF79300454CC0 /* Release */ = {
			isa = XCBuildConfiguration;
			buildSettings = {
				ALWAYS_EMBED_SWIFT_STANDARD_LIBRARIES = YES;
				BUNDLE_LOADER = "$(TEST_HOST)";
				CODE_SIGN_STYLE = Automatic;
				CURRENT_PROJECT_VERSION = 1;
				DEVELOPMENT_TEAM = 258G37N9BU;
				GENERATE_INFOPLIST_FILE = YES;
				IPHONEOS_DEPLOYMENT_TARGET = 15.0;
				LD_RUNPATH_SEARCH_PATHS = (
					"$(inherited)",
					"@executable_path/Frameworks",
					"@loader_path/Frameworks",
				);
				MARKETING_VERSION = 1.0;
				PRODUCT_BUNDLE_IDENTIFIER = net.mituwa.FindGitHubRepTests;
				PRODUCT_NAME = "$(TARGET_NAME)";
				SWIFT_EMIT_LOC_STRINGS = NO;
				SWIFT_VERSION = 5.0;
				TARGETED_DEVICE_FAMILY = "1,2";
				TEST_HOST = "$(BUILT_PRODUCTS_DIR)/FindGitHubRep.app/FindGitHubRep";
			};
			name = Release;
		};
		96728867274DF79300454CC0 /* Debug */ = {
			isa = XCBuildConfiguration;
			buildSettings = {
				ALWAYS_EMBED_SWIFT_STANDARD_LIBRARIES = YES;
				CODE_SIGN_STYLE = Automatic;
				CURRENT_PROJECT_VERSION = 1;
				DEVELOPMENT_TEAM = 258G37N9BU;
				GENERATE_INFOPLIST_FILE = YES;
				LD_RUNPATH_SEARCH_PATHS = (
					"$(inherited)",
					"@executable_path/Frameworks",
					"@loader_path/Frameworks",
				);
				MARKETING_VERSION = 1.0;
				PRODUCT_BUNDLE_IDENTIFIER = net.mituwa.FindGitHubRepUITests;
				PRODUCT_NAME = "$(TARGET_NAME)";
				SWIFT_EMIT_LOC_STRINGS = NO;
				SWIFT_VERSION = 5.0;
				TARGETED_DEVICE_FAMILY = "1,2";
				TEST_TARGET_NAME = FindGitHubRep;
			};
			name = Debug;
		};
		96728868274DF79300454CC0 /* Release */ = {
			isa = XCBuildConfiguration;
			buildSettings = {
				ALWAYS_EMBED_SWIFT_STANDARD_LIBRARIES = YES;
				CODE_SIGN_STYLE = Automatic;
				CURRENT_PROJECT_VERSION = 1;
				DEVELOPMENT_TEAM = 258G37N9BU;
				GENERATE_INFOPLIST_FILE = YES;
				LD_RUNPATH_SEARCH_PATHS = (
					"$(inherited)",
					"@executable_path/Frameworks",
					"@loader_path/Frameworks",
				);
				MARKETING_VERSION = 1.0;
				PRODUCT_BUNDLE_IDENTIFIER = net.mituwa.FindGitHubRepUITests;
				PRODUCT_NAME = "$(TARGET_NAME)";
				SWIFT_EMIT_LOC_STRINGS = NO;
				SWIFT_VERSION = 5.0;
				TARGETED_DEVICE_FAMILY = "1,2";
				TEST_TARGET_NAME = FindGitHubRep;
			};
			name = Release;
		};
/* End XCBuildConfiguration section */

/* Begin XCConfigurationList section */
		96728837274DF79000454CC0 /* Build configuration list for PBXProject "FindGitHubRep" */ = {
			isa = XCConfigurationList;
			buildConfigurations = (
				9672885E274DF79300454CC0 /* Debug */,
				9672885F274DF79300454CC0 /* Release */,
			);
			defaultConfigurationIsVisible = 0;
			defaultConfigurationName = Release;
		};
		96728860274DF79300454CC0 /* Build configuration list for PBXNativeTarget "FindGitHubRep" */ = {
			isa = XCConfigurationList;
			buildConfigurations = (
				96728861274DF79300454CC0 /* Debug */,
				96728862274DF79300454CC0 /* Release */,
			);
			defaultConfigurationIsVisible = 0;
			defaultConfigurationName = Release;
		};
		96728863274DF79300454CC0 /* Build configuration list for PBXNativeTarget "FindGitHubRepTests" */ = {
			isa = XCConfigurationList;
			buildConfigurations = (
				96728864274DF79300454CC0 /* Debug */,
				96728865274DF79300454CC0 /* Release */,
			);
			defaultConfigurationIsVisible = 0;
			defaultConfigurationName = Release;
		};
		96728866274DF79300454CC0 /* Build configuration list for PBXNativeTarget "FindGitHubRepUITests" */ = {
			isa = XCConfigurationList;
			buildConfigurations = (
				96728867274DF79300454CC0 /* Debug */,
				96728868274DF79300454CC0 /* Release */,
			);
			defaultConfigurationIsVisible = 0;
			defaultConfigurationName = Release;
		};
/* End XCConfigurationList section */

/* Begin XCRemoteSwiftPackageReference section */
		96B2C9CC2769A9530073DB41 /* XCRemoteSwiftPackageReference "BetterSafariView" */ = {
			isa = XCRemoteSwiftPackageReference;
			repositoryURL = "https://github.com/stleamist/BetterSafariView";
			requirement = {
				kind = upToNextMajorVersion;
				minimumVersion = 2.4.0;
			};
		};
		9B31446727EEEFC70069E460 /* XCRemoteSwiftPackageReference "MarkdownUI" */ = {
			isa = XCRemoteSwiftPackageReference;
			repositoryURL = "https://github.com/gonzalezreal/MarkdownUI";
			requirement = {
				kind = upToNextMajorVersion;
				minimumVersion = 1.0.0;
			};
		};
		9B79CAAA27957798006EE615 /* XCRemoteSwiftPackageReference "swift-log" */ = {
			isa = XCRemoteSwiftPackageReference;
			repositoryURL = "https://github.com/apple/swift-log";
			requirement = {
				kind = upToNextMajorVersion;
				minimumVersion = 1.4.2;
			};
		};
		9B79CAAD2795782D006EE615 /* XCRemoteSwiftPackageReference "Alamofire" */ = {
			isa = XCRemoteSwiftPackageReference;
			repositoryURL = "https://github.com/Alamofire/Alamofire";
			requirement = {
				kind = upToNextMajorVersion;
				minimumVersion = 5.5.0;
			};
		};
		9B79CAB027957869006EE615 /* XCRemoteSwiftPackageReference "AlamofireImage" */ = {
			isa = XCRemoteSwiftPackageReference;
			repositoryURL = "https://github.com/Alamofire/AlamofireImage";
			requirement = {
				kind = upToNextMajorVersion;
				minimumVersion = 4.2.0;
			};
		};
		9B79CAB32795789C006EE615 /* XCRemoteSwiftPackageReference "ReMVVM" */ = {
			isa = XCRemoteSwiftPackageReference;
			repositoryURL = "https://github.com/ReMVVM/ReMVVM";
			requirement = {
				kind = upToNextMajorVersion;
				minimumVersion = 3.0.0;
			};
		};
		9BED4B4927A426DC003710EC /* XCRemoteSwiftPackageReference "ToastUI" */ = {
			isa = XCRemoteSwiftPackageReference;
			repositoryURL = "https://github.com/quanshousio/ToastUI";
			requirement = {
				kind = upToNextMajorVersion;
				minimumVersion = 2.0.0;
			};
		};
/* End XCRemoteSwiftPackageReference section */

/* Begin XCSwiftPackageProductDependency section */
		96B2C9CD2769A9530073DB41 /* BetterSafariView */ = {
			isa = XCSwiftPackageProductDependency;
			package = 96B2C9CC2769A9530073DB41 /* XCRemoteSwiftPackageReference "BetterSafariView" */;
			productName = BetterSafariView;
		};
		9B31446827EEEFC70069E460 /* MarkdownUI */ = {
			isa = XCSwiftPackageProductDependency;
			package = 9B31446727EEEFC70069E460 /* XCRemoteSwiftPackageReference "MarkdownUI" */;
			productName = MarkdownUI;
		};
		9B79CAAB27957798006EE615 /* Logging */ = {
			isa = XCSwiftPackageProductDependency;
			package = 9B79CAAA27957798006EE615 /* XCRemoteSwiftPackageReference "swift-log" */;
			productName = Logging;
		};
		9B79CAAE2795782D006EE615 /* Alamofire */ = {
			isa = XCSwiftPackageProductDependency;
			package = 9B79CAAD2795782D006EE615 /* XCRemoteSwiftPackageReference "Alamofire" */;
			productName = Alamofire;
		};
		9B79CAB127957869006EE615 /* AlamofireImage */ = {
			isa = XCSwiftPackageProductDependency;
			package = 9B79CAB027957869006EE615 /* XCRemoteSwiftPackageReference "AlamofireImage" */;
			productName = AlamofireImage;
		};
		9B79CAB42795789C006EE615 /* ReMVVMCore */ = {
			isa = XCSwiftPackageProductDependency;
			package = 9B79CAB32795789C006EE615 /* XCRemoteSwiftPackageReference "ReMVVM" */;
			productName = ReMVVMCore;
		};
		9B79CAB62795789C006EE615 /* ReMVVMSwiftUI */ = {
			isa = XCSwiftPackageProductDependency;
			package = 9B79CAB32795789C006EE615 /* XCRemoteSwiftPackageReference "ReMVVM" */;
			productName = ReMVVMSwiftUI;
		};
		9BED4B4A27A426DC003710EC /* ToastUI */ = {
			isa = XCSwiftPackageProductDependency;
			package = 9BED4B4927A426DC003710EC /* XCRemoteSwiftPackageReference "ToastUI" */;
			productName = ToastUI;
		};
/* End XCSwiftPackageProductDependency section */
	};
	rootObject = 96728834274DF79000454CC0 /* Project object */;
}
