{
  "object": {
    "pins": [
      {
        "package": "Alamofire",
        "repositoryURL": "https://github.com/Alamofire/Alamofire",
        "state": {
          "branch": null,
          "revision": "d120af1e8638c7da36c8481fd61a66c0c08dc4fc",
          "version": "5.4.4"
        }
      },
      {
        "package": "AlamofireImage",
        "repositoryURL": "https://github.com/Alamofire/AlamofireImage",
        "state": {
          "branch": null,
          "revision": "98cbb00ce0ec5fc8e52a5b50a6bfc08d3e5aee10",
          "version": "4.2.0"
        }
      },
      {
        "package": "ReMVVM",
        "repositoryURL": "https://github.com/ReMVVM/ReMVVM",
        "state": {
          "branch": null,
          "revision": "06447046511361dec81c718ecea2427a61a65f4d",
          "version": "3.0.0"
        }
      },
      {
        "package": "swift-log",
        "repositoryURL": "https://github.com/apple/swift-log",
        "state": {
          "branch": null,
          "revision": "5d66f7ba25daf4f94100e7022febf3c75e37a6c7",
          "version": "1.4.2"
        }
      }
    ]
  },
  "version": 1
}
